
Microsoft Visual Studio Solution File, Format Version 12.00
# Visual Studio Version 17
VisualStudioVersion = 17.7.34221.43
MinimumVisualStudioVersion = 10.0.40219.1
Project("{8BC9CEB8-8B4A-11D0-8D11-00A0C91BC942}") = "Day1", "Day 1\Day 1.vcxproj", "{3E72874E-D8BD-4CF0-B442-6AED5AFF3AA7}"
EndProject
Project("{8BC9CEB8-8B4A-11D0-8D11-00A0C91BC942}") = "Day2", "Day2\Day2.vcxproj", "{B08F478A-E10E-44A1-AE30-BDEE2C025C50}"
EndProject
Project("{8BC9CEB8-8B4A-11D0-8D11-00A0C91BC942}") = "Day3", "Day3\Day3.vcxproj", "{BBD89348-4B52-4E87-B03C-A9030D3DDEDE}"
EndProject
Project("{8BC9CEB8-8B4A-11D0-8D11-00A0C91BC942}") = "Day4", "Day4\Day4.vcxproj", "{22D655E8-2610-4549-8B43-1D0576AB6952}"
EndProject
Project("{8BC9CEB8-8B4A-11D0-8D11-00A0C91BC942}") = "Day5", "Day5\Day5.vcxproj", "{C8B1BA42-07A1-4AC9-ADD0-5E6CD60EDE20}"
EndProject
Project("{8BC9CEB8-8B4A-11D0-8D11-00A0C91BC942}") = "Day7", "Day7\Day7.vcxproj", "{9AF3EC72-05FD-4674-B552-3C2D87766410}"
EndProject
Project("{8BC9CEB8-8B4A-11D0-8D11-00A0C91BC942}") = "Day6", "Day6\Day6.vcxproj", "{B2875631-BE4E-4EF0-9F07-4E9C92746FE7}"
EndProject
Project("{8BC9CEB8-8B4A-11D0-8D11-00A0C91BC942}") = "Day9", "Day9\Day9.vcxproj", "{0EAF0A38-F8A8-4C30-9940-F1DFEAAF14E7}"
EndProject
Project("{8BC9CEB8-8B4A-11D0-8D11-00A0C91BC942}") = "Day10", "Day10\Day10.vcxproj", "{E9B7A03F-D2D8-4826-9DC6-FC1DD9129ABC}"
EndProject
Project("{8BC9CEB8-8B4A-11D0-8D11-00A0C91BC942}") = "Day8", "Day8\Day8.vcxproj", "{5C1846A4-4F96-44B5-B084-2C1119E04099}"
EndProject
Project("{8BC9CEB8-8B4A-11D0-8D11-00A0C91BC942}") = "Day11", "Day11\Day11.vcxproj", "{6D60533C-380D-4CFF-ACE2-B906CDFE93C4}"
EndProject
Project("{8BC9CEB8-8B4A-11D0-8D11-00A0C91BC942}") = "Day12", "Day12\Day12.vcxproj", "{8589220F-4114-4B2B-9938-2DD883131619}"
EndProject
Project("{8BC9CEB8-8B4A-11D0-8D11-00A0C91BC942}") = "Day13", "Day13\Day13.vcxproj", "{2628C8D4-70A9-4666-8FC6-A2B1BA8CE462}"
EndProject
Project("{8BC9CEB8-8B4A-11D0-8D11-00A0C91BC942}") = "Day14", "Day14\Day14.vcxproj", "{93C8E39C-14CD-465E-B556-18815806C467}"
EndProject
Project("{8BC9CEB8-8B4A-11D0-8D11-00A0C91BC942}") = "Day15", "Day15\Day15.vcxproj", "{2A1662C6-0BD1-4AC3-832E-D211EDBC0CA3}"
EndProject
Project("{8BC9CEB8-8B4A-11D0-8D11-00A0C91BC942}") = "Day16", "Day16\Day16.vcxproj", "{636AA3FF-51B3-4497-8A5C-8C4B934FF76C}"
EndProject
Project("{8BC9CEB8-8B4A-11D0-8D11-00A0C91BC942}") = "Day17", "Day17\Day17.vcxproj", "{5D39F18E-ED0F-49E2-9E7D-0F3ADA39817E}"
EndProject
Global
	GlobalSection(SolutionConfigurationPlatforms) = preSolution
		Debug|x64 = Debug|x64
		Debug|x86 = Debug|x86
		Release|x64 = Release|x64
		Release|x86 = Release|x86
	EndGlobalSection
	GlobalSection(ProjectConfigurationPlatforms) = postSolution
		{3E72874E-D8BD-4CF0-B442-6AED5AFF3AA7}.Debug|x64.ActiveCfg = Debug|x64
		{3E72874E-D8BD-4CF0-B442-6AED5AFF3AA7}.Debug|x64.Build.0 = Debug|x64
		{3E72874E-D8BD-4CF0-B442-6AED5AFF3AA7}.Debug|x86.ActiveCfg = Debug|Win32
		{3E72874E-D8BD-4CF0-B442-6AED5AFF3AA7}.Debug|x86.Build.0 = Debug|Win32
		{3E72874E-D8BD-4CF0-B442-6AED5AFF3AA7}.Release|x64.ActiveCfg = Release|x64
		{3E72874E-D8BD-4CF0-B442-6AED5AFF3AA7}.Release|x64.Build.0 = Release|x64
		{3E72874E-D8BD-4CF0-B442-6AED5AFF3AA7}.Release|x86.ActiveCfg = Release|Win32
		{3E72874E-D8BD-4CF0-B442-6AED5AFF3AA7}.Release|x86.Build.0 = Release|Win32
		{B08F478A-E10E-44A1-AE30-BDEE2C025C50}.Debug|x64.ActiveCfg = Debug|x64
		{B08F478A-E10E-44A1-AE30-BDEE2C025C50}.Debug|x64.Build.0 = Debug|x64
		{B08F478A-E10E-44A1-AE30-BDEE2C025C50}.Debug|x86.ActiveCfg = Debug|Win32
		{B08F478A-E10E-44A1-AE30-BDEE2C025C50}.Debug|x86.Build.0 = Debug|Win32
		{B08F478A-E10E-44A1-AE30-BDEE2C025C50}.Release|x64.ActiveCfg = Release|x64
		{B08F478A-E10E-44A1-AE30-BDEE2C025C50}.Release|x64.Build.0 = Release|x64
		{B08F478A-E10E-44A1-AE30-BDEE2C025C50}.Release|x86.ActiveCfg = Release|Win32
		{B08F478A-E10E-44A1-AE30-BDEE2C025C50}.Release|x86.Build.0 = Release|Win32
		{BBD89348-4B52-4E87-B03C-A9030D3DDEDE}.Debug|x64.ActiveCfg = Debug|x64
		{BBD89348-4B52-4E87-B03C-A9030D3DDEDE}.Debug|x64.Build.0 = Debug|x64
		{BBD89348-4B52-4E87-B03C-A9030D3DDEDE}.Debug|x86.ActiveCfg = Debug|Win32
		{BBD89348-4B52-4E87-B03C-A9030D3DDEDE}.Debug|x86.Build.0 = Debug|Win32
		{BBD89348-4B52-4E87-B03C-A9030D3DDEDE}.Release|x64.ActiveCfg = Release|x64
		{BBD89348-4B52-4E87-B03C-A9030D3DDEDE}.Release|x64.Build.0 = Release|x64
		{BBD89348-4B52-4E87-B03C-A9030D3DDEDE}.Release|x86.ActiveCfg = Release|Win32
		{BBD89348-4B52-4E87-B03C-A9030D3DDEDE}.Release|x86.Build.0 = Release|Win32
		{22D655E8-2610-4549-8B43-1D0576AB6952}.Debug|x64.ActiveCfg = Debug|x64
		{22D655E8-2610-4549-8B43-1D0576AB6952}.Debug|x64.Build.0 = Debug|x64
		{22D655E8-2610-4549-8B43-1D0576AB6952}.Debug|x86.ActiveCfg = Debug|Win32
		{22D655E8-2610-4549-8B43-1D0576AB6952}.Debug|x86.Build.0 = Debug|Win32
		{22D655E8-2610-4549-8B43-1D0576AB6952}.Release|x64.ActiveCfg = Release|x64
		{22D655E8-2610-4549-8B43-1D0576AB6952}.Release|x64.Build.0 = Release|x64
		{22D655E8-2610-4549-8B43-1D0576AB6952}.Release|x86.ActiveCfg = Release|Win32
		{22D655E8-2610-4549-8B43-1D0576AB6952}.Release|x86.Build.0 = Release|Win32
		{C8B1BA42-07A1-4AC9-ADD0-5E6CD60EDE20}.Debug|x64.ActiveCfg = Debug|x64
		{C8B1BA42-07A1-4AC9-ADD0-5E6CD60EDE20}.Debug|x64.Build.0 = Debug|x64
		{C8B1BA42-07A1-4AC9-ADD0-5E6CD60EDE20}.Debug|x86.ActiveCfg = Debug|Win32
		{C8B1BA42-07A1-4AC9-ADD0-5E6CD60EDE20}.Debug|x86.Build.0 = Debug|Win32
		{C8B1BA42-07A1-4AC9-ADD0-5E6CD60EDE20}.Release|x64.ActiveCfg = Release|x64
		{C8B1BA42-07A1-4AC9-ADD0-5E6CD60EDE20}.Release|x64.Build.0 = Release|x64
		{C8B1BA42-07A1-4AC9-ADD0-5E6CD60EDE20}.Release|x86.ActiveCfg = Release|Win32
		{C8B1BA42-07A1-4AC9-ADD0-5E6CD60EDE20}.Release|x86.Build.0 = Release|Win32
		{9AF3EC72-05FD-4674-B552-3C2D87766410}.Debug|x64.ActiveCfg = Debug|x64
		{9AF3EC72-05FD-4674-B552-3C2D87766410}.Debug|x64.Build.0 = Debug|x64
		{9AF3EC72-05FD-4674-B552-3C2D87766410}.Debug|x86.ActiveCfg = Debug|Win32
		{9AF3EC72-05FD-4674-B552-3C2D87766410}.Debug|x86.Build.0 = Debug|Win32
		{9AF3EC72-05FD-4674-B552-3C2D87766410}.Release|x64.ActiveCfg = Release|x64
		{9AF3EC72-05FD-4674-B552-3C2D87766410}.Release|x64.Build.0 = Release|x64
		{9AF3EC72-05FD-4674-B552-3C2D87766410}.Release|x86.ActiveCfg = Release|Win32
		{9AF3EC72-05FD-4674-B552-3C2D87766410}.Release|x86.Build.0 = Release|Win32
		{B2875631-BE4E-4EF0-9F07-4E9C92746FE7}.Debug|x64.ActiveCfg = Debug|x64
		{B2875631-BE4E-4EF0-9F07-4E9C92746FE7}.Debug|x64.Build.0 = Debug|x64
		{B2875631-BE4E-4EF0-9F07-4E9C92746FE7}.Debug|x86.ActiveCfg = Debug|Win32
		{B2875631-BE4E-4EF0-9F07-4E9C92746FE7}.Debug|x86.Build.0 = Debug|Win32
		{B2875631-BE4E-4EF0-9F07-4E9C92746FE7}.Release|x64.ActiveCfg = Release|x64
		{B2875631-BE4E-4EF0-9F07-4E9C92746FE7}.Release|x64.Build.0 = Release|x64
		{B2875631-BE4E-4EF0-9F07-4E9C92746FE7}.Release|x86.ActiveCfg = Release|Win32
		{B2875631-BE4E-4EF0-9F07-4E9C92746FE7}.Release|x86.Build.0 = Release|Win32
		{0EAF0A38-F8A8-4C30-9940-F1DFEAAF14E7}.Debug|x64.ActiveCfg = Debug|x64
		{0EAF0A38-F8A8-4C30-9940-F1DFEAAF14E7}.Debug|x64.Build.0 = Debug|x64
		{0EAF0A38-F8A8-4C30-9940-F1DFEAAF14E7}.Debug|x86.ActiveCfg = Debug|Win32
		{0EAF0A38-F8A8-4C30-9940-F1DFEAAF14E7}.Debug|x86.Build.0 = Debug|Win32
		{0EAF0A38-F8A8-4C30-9940-F1DFEAAF14E7}.Release|x64.ActiveCfg = Release|x64
		{0EAF0A38-F8A8-4C30-9940-F1DFEAAF14E7}.Release|x64.Build.0 = Release|x64
		{0EAF0A38-F8A8-4C30-9940-F1DFEAAF14E7}.Release|x86.ActiveCfg = Release|Win32
		{0EAF0A38-F8A8-4C30-9940-F1DFEAAF14E7}.Release|x86.Build.0 = Release|Win32
		{E9B7A03F-D2D8-4826-9DC6-FC1DD9129ABC}.Debug|x64.ActiveCfg = Debug|x64
		{E9B7A03F-D2D8-4826-9DC6-FC1DD9129ABC}.Debug|x64.Build.0 = Debug|x64
		{E9B7A03F-D2D8-4826-9DC6-FC1DD9129ABC}.Debug|x86.ActiveCfg = Debug|Win32
		{E9B7A03F-D2D8-4826-9DC6-FC1DD9129ABC}.Debug|x86.Build.0 = Debug|Win32
		{E9B7A03F-D2D8-4826-9DC6-FC1DD9129ABC}.Release|x64.ActiveCfg = Release|x64
		{E9B7A03F-D2D8-4826-9DC6-FC1DD9129ABC}.Release|x64.Build.0 = Release|x64
		{E9B7A03F-D2D8-4826-9DC6-FC1DD9129ABC}.Release|x86.ActiveCfg = Release|Win32
		{E9B7A03F-D2D8-4826-9DC6-FC1DD9129ABC}.Release|x86.Build.0 = Release|Win32
		{5C1846A4-4F96-44B5-B084-2C1119E04099}.Debug|x64.ActiveCfg = Debug|x64
		{5C1846A4-4F96-44B5-B084-2C1119E04099}.Debug|x64.Build.0 = Debug|x64
		{5C1846A4-4F96-44B5-B084-2C1119E04099}.Debug|x86.ActiveCfg = Debug|Win32
		{5C1846A4-4F96-44B5-B084-2C1119E04099}.Debug|x86.Build.0 = Debug|Win32
		{5C1846A4-4F96-44B5-B084-2C1119E04099}.Release|x64.ActiveCfg = Release|x64
		{5C1846A4-4F96-44B5-B084-2C1119E04099}.Release|x64.Build.0 = Release|x64
		{5C1846A4-4F96-44B5-B084-2C1119E04099}.Release|x86.ActiveCfg = Release|Win32
		{5C1846A4-4F96-44B5-B084-2C1119E04099}.Release|x86.Build.0 = Release|Win32
		{6D60533C-380D-4CFF-ACE2-B906CDFE93C4}.Debug|x64.ActiveCfg = Debug|x64
		{6D60533C-380D-4CFF-ACE2-B906CDFE93C4}.Debug|x64.Build.0 = Debug|x64
		{6D60533C-380D-4CFF-ACE2-B906CDFE93C4}.Debug|x86.ActiveCfg = Debug|Win32
		{6D60533C-380D-4CFF-ACE2-B906CDFE93C4}.Debug|x86.Build.0 = Debug|Win32
		{6D60533C-380D-4CFF-ACE2-B906CDFE93C4}.Release|x64.ActiveCfg = Release|x64
		{6D60533C-380D-4CFF-ACE2-B906CDFE93C4}.Release|x64.Build.0 = Release|x64
		{6D60533C-380D-4CFF-ACE2-B906CDFE93C4}.Release|x86.ActiveCfg = Release|Win32
		{6D60533C-380D-4CFF-ACE2-B906CDFE93C4}.Release|x86.Build.0 = Release|Win32
		{8589220F-4114-4B2B-9938-2DD883131619}.Debug|x64.ActiveCfg = Debug|x64
		{8589220F-4114-4B2B-9938-2DD883131619}.Debug|x64.Build.0 = Debug|x64
		{8589220F-4114-4B2B-9938-2DD883131619}.Debug|x86.ActiveCfg = Debug|Win32
		{8589220F-4114-4B2B-9938-2DD883131619}.Debug|x86.Build.0 = Debug|Win32
		{8589220F-4114-4B2B-9938-2DD883131619}.Release|x64.ActiveCfg = Release|x64
		{8589220F-4114-4B2B-9938-2DD883131619}.Release|x64.Build.0 = Release|x64
		{8589220F-4114-4B2B-9938-2DD883131619}.Release|x86.ActiveCfg = Release|Win32
		{8589220F-4114-4B2B-9938-2DD883131619}.Release|x86.Build.0 = Release|Win32
		{2628C8D4-70A9-4666-8FC6-A2B1BA8CE462}.Debug|x64.ActiveCfg = Debug|x64
		{2628C8D4-70A9-4666-8FC6-A2B1BA8CE462}.Debug|x64.Build.0 = Debug|x64
		{2628C8D4-70A9-4666-8FC6-A2B1BA8CE462}.Debug|x86.ActiveCfg = Debug|Win32
		{2628C8D4-70A9-4666-8FC6-A2B1BA8CE462}.Debug|x86.Build.0 = Debug|Win32
		{2628C8D4-70A9-4666-8FC6-A2B1BA8CE462}.Release|x64.ActiveCfg = Release|x64
		{2628C8D4-70A9-4666-8FC6-A2B1BA8CE462}.Release|x64.Build.0 = Release|x64
		{2628C8D4-70A9-4666-8FC6-A2B1BA8CE462}.Release|x86.ActiveCfg = Release|Win32
		{2628C8D4-70A9-4666-8FC6-A2B1BA8CE462}.Release|x86.Build.0 = Release|Win32
		{93C8E39C-14CD-465E-B556-18815806C467}.Debug|x64.ActiveCfg = Debug|x64
		{93C8E39C-14CD-465E-B556-18815806C467}.Debug|x64.Build.0 = Debug|x64
		{93C8E39C-14CD-465E-B556-18815806C467}.Debug|x86.ActiveCfg = Debug|Win32
		{93C8E39C-14CD-465E-B556-18815806C467}.Debug|x86.Build.0 = Debug|Win32
		{93C8E39C-14CD-465E-B556-18815806C467}.Release|x64.ActiveCfg = Release|x64
		{93C8E39C-14CD-465E-B556-18815806C467}.Release|x64.Build.0 = Release|x64
		{93C8E39C-14CD-465E-B556-18815806C467}.Release|x86.ActiveCfg = Release|Win32
		{93C8E39C-14CD-465E-B556-18815806C467}.Release|x86.Build.0 = Release|Win32
		{2A1662C6-0BD1-4AC3-832E-D211EDBC0CA3}.Debug|x64.ActiveCfg = Debug|x64
		{2A1662C6-0BD1-4AC3-832E-D211EDBC0CA3}.Debug|x64.Build.0 = Debug|x64
		{2A1662C6-0BD1-4AC3-832E-D211EDBC0CA3}.Debug|x86.ActiveCfg = Debug|Win32
		{2A1662C6-0BD1-4AC3-832E-D211EDBC0CA3}.Debug|x86.Build.0 = Debug|Win32
		{2A1662C6-0BD1-4AC3-832E-D211EDBC0CA3}.Release|x64.ActiveCfg = Release|x64
		{2A1662C6-0BD1-4AC3-832E-D211EDBC0CA3}.Release|x64.Build.0 = Release|x64
		{2A1662C6-0BD1-4AC3-832E-D211EDBC0CA3}.Release|x86.ActiveCfg = Release|Win32
		{2A1662C6-0BD1-4AC3-832E-D211EDBC0CA3}.Release|x86.Build.0 = Release|Win32
		{636AA3FF-51B3-4497-8A5C-8C4B934FF76C}.Debug|x64.ActiveCfg = Debug|x64
		{636AA3FF-51B3-4497-8A5C-8C4B934FF76C}.Debug|x64.Build.0 = Debug|x64
		{636AA3FF-51B3-4497-8A5C-8C4B934FF76C}.Debug|x86.ActiveCfg = Debug|Win32
		{636AA3FF-51B3-4497-8A5C-8C4B934FF76C}.Debug|x86.Build.0 = Debug|Win32
		{636AA3FF-51B3-4497-8A5C-8C4B934FF76C}.Release|x64.ActiveCfg = Release|x64
		{636AA3FF-51B3-4497-8A5C-8C4B934FF76C}.Release|x64.Build.0 = Release|x64
		{636AA3FF-51B3-4497-8A5C-8C4B934FF76C}.Release|x86.ActiveCfg = Release|Win32
		{636AA3FF-51B3-4497-8A5C-8C4B934FF76C}.Release|x86.Build.0 = Release|Win32
		{5D39F18E-ED0F-49E2-9E7D-0F3ADA39817E}.Debug|x64.ActiveCfg = Debug|x64
		{5D39F18E-ED0F-49E2-9E7D-0F3ADA39817E}.Debug|x64.Build.0 = Debug|x64
		{5D39F18E-ED0F-49E2-9E7D-0F3ADA39817E}.Debug|x86.ActiveCfg = Debug|Win32
		{5D39F18E-ED0F-49E2-9E7D-0F3ADA39817E}.Debug|x86.Build.0 = Debug|Win32
		{5D39F18E-ED0F-49E2-9E7D-0F3ADA39817E}.Release|x64.ActiveCfg = Release|x64
		{5D39F18E-ED0F-49E2-9E7D-0F3ADA39817E}.Release|x64.Build.0 = Release|x64
		{5D39F18E-ED0F-49E2-9E7D-0F3ADA39817E}.Release|x86.ActiveCfg = Release|Win32
		{5D39F18E-ED0F-49E2-9E7D-0F3ADA39817E}.Release|x86.Build.0 = Release|Win32
	EndGlobalSection
	GlobalSection(SolutionProperties) = preSolution
		HideSolutionNode = FALSE
	EndGlobalSection
	GlobalSection(ExtensibilityGlobals) = postSolution
		SolutionGuid = {3B146A05-95CE-4DAF-934F-A02974165A87}
	EndGlobalSection
EndGlobal
