<?xml version="1.0" encoding="utf-8"?>
<Project ToolsVersion="4.0" xmlns="http://schemas.microsoft.com/developer/msbuild/2003">
  <ItemGroup>
    <Filter Include="Source Files">
      <UniqueIdentifier>{4FC737F1-C7A5-4376-A066-2A32D752A2FF}</UniqueIdentifier>
      <Extensions>cpp;c;cc;cxx;c++;cppm;ixx;def;odl;idl;hpj;bat;asm;asmx</Extensions>
    </Filter>
    <Filter Include="Header Files">
      <UniqueIdentifier>{93995380-89BD-4b04-88EB-625FBE52EBFB}</UniqueIdentifier>
      <Extensions>h;hh;hpp;hxx;h++;hm;inl;inc;ipp;xsd</Extensions>
    </Filter>
    <Filter Include="Resource Files">
      <UniqueIdentifier>{67DA6AB6-F800-4c08-8B7A-83BB121AAD01}</UniqueIdentifier>
      <Extensions>rc;ico;cur;bmp;dlg;rc2;rct;bin;rgs;gif;jpg;jpeg;jpe;resx;tiff;tif;png;wav;mfcribbon-ms</Extensions>
    </Filter>
    <Filter Include="ACUtils">
      <UniqueIdentifier>{23243ab8-40c0-4d7e-9a79-4e3085883e88}</UniqueIdentifier>
    </Filter>
    <Filter Include="AdventGUI">
      <UniqueIdentifier>{2118b2c5-72aa-49a6-baf7-96834fe5911e}</UniqueIdentifier>
    </Filter>
    <Filter Include="thirdparty">
      <UniqueIdentifier>{5f65fdeb-833b-4cce-bc2f-b298675b917d}</UniqueIdentifier>
    </Filter>
    <Filter Include="thirdparty\imgui">
      <UniqueIdentifier>{5e93665c-ed37-4a1a-89ac-2af159270811}</UniqueIdentifier>
    </Filter>
    <Filter Include="thirdparty\glfw">
      <UniqueIdentifier>{135e55b9-ff6c-4055-932c-0c84d1107882}</UniqueIdentifier>
    </Filter>
    <Filter Include="thirdparty\stb">
      <UniqueIdentifier>{abc1440b-4c90-4840-950f-2ba7c0b909e4}</UniqueIdentifier>
    </Filter>
  </ItemGroup>
  <ItemGroup>
    <ClCompile Include="Day 1.cpp">
      <Filter>Source Files</Filter>
    </ClCompile>
    <ClCompile Include="ACUtils\Debug.cpp">
      <Filter>ACUtils</Filter>
    </ClCompile>
    <ClCompile Include="ACUtils\IntVec.cpp">
      <Filter>ACUtils</Filter>
    </ClCompile>
    <ClCompile Include="ACUtils\Math.cpp">
      <Filter>ACUtils</Filter>
    </ClCompile>
    <ClCompile Include="ACUtils\StringUtil.cpp">
      <Filter>ACUtils</Filter>
    </ClCompile>
    <ClCompile Include="ACUtils\Vec.cpp">
      <Filter>ACUtils</Filter>
    </ClCompile>
    <ClCompile Include="AdventGUI\AdventGUI.cpp">
      <Filter>AdventGUI</Filter>
    </ClCompile>
    <ClCompile Include="thirdparty\imgui\imgui.cpp">
      <Filter>thirdparty\imgui</Filter>
    </ClCompile>
    <ClCompile Include="thirdparty\imgui\imgui_demo.cpp">
      <Filter>thirdparty\imgui</Filter>
    </ClCompile>
    <ClCompile Include="thirdparty\imgui\imgui_draw.cpp">
      <Filter>thirdparty\imgui</Filter>
    </ClCompile>
    <ClCompile Include="thirdparty\imgui\imgui_tables.cpp">
      <Filter>thirdparty\imgui</Filter>
    </ClCompile>
    <ClCompile Include="thirdparty\imgui\imgui_widgets.cpp">
      <Filter>thirdparty\imgui</Filter>
    </ClCompile>
    <ClCompile Include="thirdparty\imgui\backends\imgui_impl_glfw.cpp">
      <Filter>thirdparty\imgui</Filter>
    </ClCompile>
    <ClCompile Include="thirdparty\imgui\backends\imgui_impl_opengl3.cpp">
      <Filter>thirdparty\imgui</Filter>
    </ClCompile>
    <ClCompile Include="AdventGUI\AdventGUIConsole.cpp">
      <Filter>AdventGUI</Filter>
    </ClCompile>
  </ItemGroup>
  <ItemGroup>
    <ClInclude Include="ACUtils\AABB.h">
      <Filter>ACUtils</Filter>
    </ClInclude>
    <ClInclude Include="ACUtils\Algorithm.h">
      <Filter>ACUtils</Filter>
    </ClInclude>
    <ClInclude Include="ACUtils\AStar.h">
      <Filter>ACUtils</Filter>
    </ClInclude>
    <ClInclude Include="ACUtils\BDFS.h">
      <Filter>ACUtils</Filter>
    </ClInclude>
    <ClInclude Include="ACUtils\Bit.h">
      <Filter>ACUtils</Filter>
    </ClInclude>
    <ClInclude Include="ACUtils\Debug.h">
      <Filter>ACUtils</Filter>
    </ClInclude>
    <ClInclude Include="ACUtils\Enum.h">
      <Filter>ACUtils</Filter>
    </ClInclude>
    <ClInclude Include="ACUtils\FileStream.h">
      <Filter>ACUtils</Filter>
    </ClInclude>
    <ClInclude Include="ACUtils\Hash.h">
      <Filter>ACUtils</Filter>
    </ClInclude>
    <ClInclude Include="ACUtils\IncludeAll.h">
      <Filter>ACUtils</Filter>
    </ClInclude>
    <ClInclude Include="ACUtils\IntVec.h">
      <Filter>ACUtils</Filter>
    </ClInclude>
    <ClInclude Include="ACUtils\Math.h">
      <Filter>ACUtils</Filter>
    </ClInclude>
    <ClInclude Include="ACUtils\StringUtil.h">
      <Filter>ACUtils</Filter>
    </ClInclude>
    <ClInclude Include="ACUtils\Vec.h">
      <Filter>ACUtils</Filter>
    </ClInclude>
    <ClInclude Include="AdventGUI\AdventGUI.h">
      <Filter>AdventGUI</Filter>
    </ClInclude>
    <ClInclude Include="thirdparty\imgui\imconfig.h">
      <Filter>thirdparty\imgui</Filter>
    </ClInclude>
    <ClInclude Include="thirdparty\imgui\imgui.h">
      <Filter>thirdparty\imgui</Filter>
    </ClInclude>
    <ClInclude Include="thirdparty\imgui\imgui_internal.h">
      <Filter>thirdparty\imgui</Filter>
    </ClInclude>
    <ClInclude Include="thirdparty\imgui\imstb_rectpack.h">
      <Filter>thirdparty\imgui</Filter>
    </ClInclude>
    <ClInclude Include="thirdparty\imgui\imstb_textedit.h">
      <Filter>thirdparty\imgui</Filter>
    </ClInclude>
    <ClInclude Include="thirdparty\imgui\imstb_truetype.h">
      <Filter>thirdparty\imgui</Filter>
    </ClInclude>
    <ClInclude Include="thirdparty\glfw\include\GLFW\glfw3.h">
      <Filter>thirdparty\glfw</Filter>
    </ClInclude>
    <ClInclude Include="thirdparty\glfw\include\GLFW\glfw3native.h">
      <Filter>thirdparty\glfw</Filter>
    </ClInclude>
    <ClInclude Include="thirdparty\stb\stb_image.h">
      <Filter>thirdparty\stb</Filter>
    </ClInclude>
    <ClInclude Include="thirdparty\imgui\backends\imgui_impl_glfw.h">
      <Filter>thirdparty\imgui</Filter>
    </ClInclude>
    <ClInclude Include="thirdparty\imgui\backends\imgui_impl_opengl3.h">
      <Filter>thirdparty\imgui</Filter>
    </ClInclude>
    <ClInclude Include="AdventGUI\AdventGUIConsole.h">
      <Filter>AdventGUI</Filter>
    </ClInclude>
    <ClInclude Include="ACUtils\Memory.h">
      <Filter>ACUtils</Filter>
    </ClInclude>
  </ItemGroup>
</Project>